{
  "nodes": {
    "base16-schemes": {
      "flake": false,
      "locked": {
        "lastModified": 1665690101,
        "narHash": "sha256-J2ZvNaVFkqaTXzYO5L+jyRORfIOavFPKvWItP6UTMKs=",
        "owner": "tinted-theming",
        "repo": "base16-schemes",
        "rev": "a3dc916cf90471a422c0bfe1bb4b1bdd12185ced",
        "type": "github"
      },
      "original": {
        "owner": "tinted-theming",
        "repo": "base16-schemes",
        "type": "github"
      }
    },
    "flake-compat": {
      "flake": false,
      "locked": {
        "lastModified": 1668681692,
        "narHash": "sha256-Ht91NGdewz8IQLtWZ9LCeNXMSXHUss+9COoqu6JLmXU=",
        "owner": "edolstra",
        "repo": "flake-compat",
        "rev": "009399224d5e398d03b22badca40a37ac85412a1",
        "type": "github"
      },
      "original": {
        "owner": "edolstra",
        "repo": "flake-compat",
        "type": "github"
      }
    },
    "flake-utils": {
      "locked": {
        "lastModified": 1667395993,
        "narHash": "sha256-nuEHfE/LcWyuSWnS8t12N1wc105Qtau+/OdUAjtQ0rA=",
        "owner": "numtide",
        "repo": "flake-utils",
        "rev": "5aed5285a952e0b949eb3ba02c12fa4fcfef535f",
        "type": "github"
      },
      "original": {
        "owner": "numtide",
        "repo": "flake-utils",
        "type": "github"
      }
    },
    "flake-utils_2": {
      "locked": {
        "lastModified": 1667395993,
        "narHash": "sha256-nuEHfE/LcWyuSWnS8t12N1wc105Qtau+/OdUAjtQ0rA=",
        "owner": "numtide",
        "repo": "flake-utils",
        "rev": "5aed5285a952e0b949eb3ba02c12fa4fcfef535f",
        "type": "github"
      },
      "original": {
        "owner": "numtide",
        "repo": "flake-utils",
        "type": "github"
      }
    },
    "flake-utils_3": {
      "locked": {
        "lastModified": 1667395993,
        "narHash": "sha256-nuEHfE/LcWyuSWnS8t12N1wc105Qtau+/OdUAjtQ0rA=",
        "owner": "numtide",
        "repo": "flake-utils",
        "rev": "5aed5285a952e0b949eb3ba02c12fa4fcfef535f",
        "type": "github"
      },
      "original": {
        "owner": "numtide",
        "repo": "flake-utils",
        "type": "github"
      }
    },
    "home-manager": {
      "inputs": {
        "nixpkgs": [
          "nixpkgs"
        ],
        "utils": "utils"
      },
      "locked": {
        "lastModified": 1670970889,
        "narHash": "sha256-TWJo3/X3Q3r+HeX16QN4FE6ddBpGtAboymSEF+4Nnc0=",
        "owner": "nix-community",
        "repo": "home-manager",
        "rev": "e412025fffdcd6219ddd21c65d9a1b90005ce508",
        "type": "github"
      },
      "original": {
        "owner": "nix-community",
        "repo": "home-manager",
        "type": "github"
      }
    },
    "idevicerestore": {
      "flake": false,
      "locked": {
        "lastModified": 1666161178,
        "narHash": "sha256-Br0doWmtgU4JCABa1w1Y47i3tDE7QRzxO55QTPcAEt0=",
        "owner": "libimobiledevice",
        "repo": "idevicerestore",
        "rev": "7b89019fbb81ce64e1c1d259c5746544c8e8eeea",
        "type": "github"
      },
      "original": {
        "owner": "libimobiledevice",
        "repo": "idevicerestore",
        "type": "github"
      }
    },
    "impermanence": {
      "locked": {
        "lastModified": 1668668915,
        "narHash": "sha256-QjY4ZZbs9shwO4LaLpvlU2bO9J1juYhO9NtV3nrbnYQ=",
        "owner": "nix-community",
        "repo": "impermanence",
        "rev": "5df9108b346f8a42021bf99e50de89c9caa251c3",
        "type": "github"
      },
      "original": {
        "owner": "nix-community",
        "repo": "impermanence",
        "type": "github"
      }
    },
    "keydb": {
      "flake": false,
      "locked": {
        "narHash": "sha256-ghQYwHThfVll25dmzFx3MsWyj/CEHjyZAVDb+gEYn2g=",
        "type": "tarball",
        "url": "http://fvonline-db.bplaced.net/export/keydb_eng.zip"
      },
      "original": {
        "type": "tarball",
        "url": "http://fvonline-db.bplaced.net/export/keydb_eng.zip"
      }
    },
    "lib-aggregate": {
      "inputs": {
        "flake-utils": "flake-utils_2",
        "nixpkgs-lib": "nixpkgs-lib_2"
      },
      "locked": {
        "lastModified": 1670760598,
        "narHash": "sha256-dNAA1LjIxeiHPH3vihzLD+ZsJPy/6jr9dObtrt//HfY=",
        "owner": "nix-community",
        "repo": "lib-aggregate",
        "rev": "470f8545b8dd59e4bfdea3b706121835b8646841",
        "type": "github"
      },
      "original": {
        "owner": "nix-community",
        "repo": "lib-aggregate",
        "type": "github"
      }
    },
    "musnix": {
      "inputs": {
        "nixpkgs": [
          "nixpkgs"
        ]
      },
      "locked": {
        "lastModified": 1670705406,
        "narHash": "sha256-oM98oM15WQlAaVptx0/YHPALdEo1HghF9Tv58yKWQRc=",
        "owner": "musnix",
        "repo": "musnix",
        "rev": "7950e046ae51f1930409676e39962aa05149405b",
        "type": "github"
      },
      "original": {
        "owner": "musnix",
        "repo": "musnix",
        "type": "github"
      }
    },
    "neovim": {
      "inputs": {
        "flake-utils": [
          "flake-utils"
        ],
        "nixpkgs": [
          "nixpkgs"
        ]
      },
      "locked": {
        "dir": "contrib",
        "lastModified": 1671152053,
        "narHash": "sha256-YMSY0zPXRq92S7vCuOhl3yCCJtwzpBcrk/JyRKv6egs=",
        "owner": "neovim",
        "repo": "neovim",
        "rev": "72a19b2ffe93ab20f6ff1825e11b43da4e44842a",
        "type": "github"
      },
      "original": {
        "dir": "contrib",
        "owner": "neovim",
        "repo": "neovim",
        "type": "github"
      }
    },
    "nix-colors": {
      "inputs": {
        "base16-schemes": "base16-schemes",
        "nixpkgs-lib": "nixpkgs-lib"
      },
      "locked": {
        "lastModified": 1670210028,
        "narHash": "sha256-2VpxobYICB+l6n963nR37r0ongTtvHfHQvsPGgMWDmw=",
        "owner": "misterio77",
        "repo": "nix-colors",
        "rev": "fcd345bd1c9e7c203c3320ee6ca39814c97ac1fe",
        "type": "github"
      },
      "original": {
        "owner": "misterio77",
        "repo": "nix-colors",
        "type": "github"
      }
    },
    "nix-eval-jobs": {
      "inputs": {
        "flake-utils": "flake-utils_3",
        "nixpkgs": [
          "wayland",
          "nixpkgs"
        ]
      },
      "locked": {
        "lastModified": 1671067565,
        "narHash": "sha256-t2gr1Y5GL9b0rT4w19eXB4v3r+t8OTPYEs2v/cUypv4=",
        "owner": "nix-community",
        "repo": "nix-eval-jobs",
        "rev": "a286ae1a9ab74143366ac5e4490f8f0971436830",
        "type": "github"
      },
      "original": {
        "owner": "nix-community",
        "repo": "nix-eval-jobs",
        "type": "github"
      }
    },
    "nixos-hardware": {
      "locked": {
        "lastModified": 1671106796,
        "narHash": "sha256-moAUZMJeGmZAccpZYbAbNVTsmLTkhNU3CdatGg1oKUE=",
        "owner": "nixos",
        "repo": "nixos-hardware",
        "rev": "1f6067272161d03d1c9f0b46fbf7cb090d016a9c",
        "type": "github"
      },
      "original": {
        "owner": "nixos",
        "repo": "nixos-hardware",
        "type": "github"
      }
    },
    "nixpkgs": {
      "locked": {
        "lastModified": 1671149032,
        "narHash": "sha256-BP8mspP2oJqIm9zHj1EHSolkOWg9+jqIm2R/fUWQq28=",
        "owner": "nixos",
        "repo": "nixpkgs",
        "rev": "34274e6c8604be2d103606b11dae0ac2e3a0d584",
        "type": "github"
      },
      "original": {
        "owner": "nixos",
        "ref": "nixos-unstable-small",
        "repo": "nixpkgs",
        "type": "github"
      }
    },
    "nixpkgs-lib": {
      "locked": {
        "lastModified": 1655599917,
        "narHash": "sha256-kjZbt5WdTrnjMxL79okg9TCoRUdADG50x/TWozbyTsE=",
        "owner": "nix-community",
        "repo": "nixpkgs.lib",
        "rev": "5fb55578aa2f1a502d636a8ac71aece57cb730bb",
        "type": "github"
      },
      "original": {
        "owner": "nix-community",
        "repo": "nixpkgs.lib",
        "type": "github"
      }
    },
    "nixpkgs-lib_2": {
      "locked": {
        "lastModified": 1670719927,
        "narHash": "sha256-HFFqs0tj+ebkNzdCjq+3gACKtdEZKYc/sZms4DTIx3Q=",
        "owner": "nix-community",
        "repo": "nixpkgs.lib",
        "rev": "326ba2ee6cb73c64e8bd73932f61439ea082cde9",
        "type": "github"
      },
      "original": {
        "owner": "nix-community",
        "repo": "nixpkgs.lib",
        "type": "github"
      }
    },
    "nixpkgs-master": {
      "locked": {
        "lastModified": 1671170179,
        "narHash": "sha256-GezIoiO68vCtEwX4bzyiIHTlQ2GRByDUSVFthLG878U=",
        "owner": "nixos",
        "repo": "nixpkgs",
        "rev": "c7c950be8900e7ea5d2af4a5dfa58905ac612f84",
        "type": "github"
      },
      "original": {
        "owner": "nixos",
        "ref": "master",
        "repo": "nixpkgs",
        "type": "github"
      }
    },
    "nur": {
      "locked": {
        "lastModified": 1671164982,
        "narHash": "sha256-FUUCvNkl1h6REwdZwcDJwG40KlUR0PxZBnYsjLwgqVk=",
        "owner": "nix-community",
        "repo": "NUR",
        "rev": "f3916354fd1062404802f6a95fb8e1fd02392118",
        "type": "github"
      },
      "original": {
        "owner": "nix-community",
        "repo": "NUR",
        "type": "github"
      }
    },
    "root": {
      "inputs": {
        "flake-utils": "flake-utils",
        "home-manager": "home-manager",
        "idevicerestore": "idevicerestore",
        "impermanence": "impermanence",
        "keydb": "keydb",
        "musnix": "musnix",
        "neovim": "neovim",
        "nix-colors": "nix-colors",
        "nixos-hardware": "nixos-hardware",
        "nixpkgs": "nixpkgs",
        "nixpkgs-master": "nixpkgs-master",
        "nur": "nur",
        "usbmuxd": "usbmuxd",
        "wayland": "wayland"
      }
    },
    "usbmuxd": {
      "flake": false,
      "locked": {
        "lastModified": 1665184088,
        "narHash": "sha256-ghHkOKowKwD23RHzDEFULzWWvkbNaKt7c+/PniUaPrw=",
        "owner": "libimobiledevice",
        "repo": "usbmuxd",
        "rev": "bccae83d475ac5a48441001cad3fa8c167ecbb80",
        "type": "github"
      },
      "original": {
        "owner": "libimobiledevice",
        "repo": "usbmuxd",
        "type": "github"
      }
    },
    "utils": {
      "locked": {
        "lastModified": 1667395993,
        "narHash": "sha256-nuEHfE/LcWyuSWnS8t12N1wc105Qtau+/OdUAjtQ0rA=",
        "owner": "numtide",
        "repo": "flake-utils",
        "rev": "5aed5285a952e0b949eb3ba02c12fa4fcfef535f",
        "type": "github"
      },
      "original": {
        "owner": "numtide",
        "repo": "flake-utils",
        "type": "github"
      }
    },
    "wayland": {
      "inputs": {
        "flake-compat": "flake-compat",
        "lib-aggregate": "lib-aggregate",
        "nix-eval-jobs": "nix-eval-jobs",
        "nixpkgs": [
          "nixpkgs"
        ]
      },
      "locked": {
        "lastModified": 1671167178,
        "narHash": "sha256-OZi84E4vtHcPJVSY92uGtjU702SoapJls+vkq+ndY7U=",
        "owner": "nix-community",
        "repo": "nixpkgs-wayland",
        "rev": "645caf5329c27076d866322676ac175bc3050a7e",
        "type": "github"
      },
      "original": {
        "owner": "nix-community",
        "repo": "nixpkgs-wayland",
        "type": "github"
      }
    }
  },
  "root": "root",
  "version": 7
}
