{
  "nodes": {
    "dht": {
      "flake": false,
      "locked": {
        "lastModified": 1651172278,
        "narHash": "sha256-m4utcxqE3Mn5L4IQ9UfuJXj2KkXXnqKBGqh7kHHGMJQ=",
        "owner": "transmission",
        "repo": "dht",
        "rev": "015585510e402a057ec17142711ba2b568b5fd62",
        "type": "github"
      },
      "original": {
        "owner": "transmission",
        "ref": "post-0.27-transmission",
        "repo": "dht",
        "type": "github"
      }
    },
    "flake-utils": {
      "inputs": {
        "systems": "systems"
      },
      "locked": {
        "lastModified": 1681202837,
        "narHash": "sha256-H+Rh19JDwRtpVPAWp64F+rlEtxUWBAQW28eAi3SRSzg=",
        "owner": "numtide",
        "repo": "flake-utils",
        "rev": "cfacdce06f30d2b68473a46042957675eebb3401",
        "type": "github"
      },
      "original": {
        "id": "flake-utils",
        "type": "indirect"
      }
    },
    "keydb": {
      "flake": false,
      "locked": {
        "narHash": "sha256-OHHJKOL8UeFHMto6/FUYZNL9VTlzb9puF6KaBBsi9OY=",
        "type": "tarball",
        "url": "https://github.com/anna328p/mirror/releases/latest/download/keydb_eng.zip"
      },
      "original": {
        "type": "tarball",
        "url": "https://github.com/anna328p/mirror/releases/latest/download/keydb_eng.zip"
      }
    },
    "libutp": {
      "flake": false,
      "locked": {
        "lastModified": 1678030974,
        "narHash": "sha256-dpbX1h/gpuVIAXC4hwwuRwQDJ0pwVVEsgemOVN0Dv9Q=",
        "owner": "transmission",
        "repo": "libutp",
        "rev": "9cb9f9c4f0073d78b08d6542cebaea6564ecadfe",
        "type": "github"
      },
      "original": {
        "owner": "transmission",
        "ref": "post-3.4-transmission",
        "repo": "libutp",
        "type": "github"
      }
    },
    "neovim": {
      "inputs": {
        "flake-utils": [
          "flake-utils"
        ],
        "nixpkgs": "nixpkgs"
      },
      "locked": {
        "dir": "contrib",
        "lastModified": 1681233036,
        "narHash": "sha256-Th1qDMWyGwYrgKTsLTpPSl1yRXigi5lWqPwPMyFmRcQ=",
        "owner": "neovim",
        "repo": "neovim",
        "rev": "880f7d12fea31ea85d14b419ef8dcbb16dee2cf4",
        "type": "github"
      },
      "original": {
        "dir": "contrib",
        "owner": "neovim",
        "repo": "neovim",
        "type": "github"
      }
    },
    "nixpkgs": {
      "locked": {
        "lastModified": 1671983799,
        "narHash": "sha256-Z2Ro6hFPZHkBqkVXY5/aBUzxi5xizQGvuHQ9+T5B/ks=",
        "owner": "nixos",
        "repo": "nixpkgs",
        "rev": "fad51abd42ca17a60fc1d4cb9382e2d79ae31836",
        "type": "github"
      },
      "original": {
        "owner": "nixos",
        "ref": "nixos-unstable",
        "repo": "nixpkgs",
        "type": "github"
      }
    },
    "nixpkgs_2": {
      "locked": {
        "lastModified": 1676795730,
        "narHash": "sha256-X69A9BdcPTySJJ7DqS4wc8b6eqGKi32jCSyaBsz4WB0=",
        "path": "/nix/store/wyanhqy905a9n7zy3syq5aiikd8y3ksl-source",
        "rev": "efc59894b1ba73cb745676616c56c780383d6788",
        "type": "path"
      },
      "original": {
        "id": "nixpkgs",
        "type": "indirect"
      }
    },
    "protoplug": {
      "flake": false,
      "locked": {
        "lastModified": 1543821563,
        "narHash": "sha256-ku+1Vh4NfLQpahE9WSVmTthyPLsqR0vvZOgD2wPjTug=",
        "owner": "pac-dev",
        "repo": "protoplug",
        "rev": "6060a3bcb3213ce890a9b781d29f702099127ddd",
        "type": "github"
      },
      "original": {
        "owner": "pac-dev",
        "repo": "protoplug",
        "type": "github"
      }
    },
    "root": {
      "inputs": {
        "dht": "dht",
        "flake-utils": "flake-utils",
        "keydb": "keydb",
        "libutp": "libutp",
        "neovim": "neovim",
        "nixpkgs": "nixpkgs_2",
        "protoplug": "protoplug",
        "transgui": "transgui",
        "transmission": "transmission"
      }
    },
    "systems": {
      "locked": {
        "lastModified": 1681028828,
        "narHash": "sha256-Vy1rq5AaRuLzOxct8nz4T6wlgyUR7zLU309k9mBC768=",
        "owner": "nix-systems",
        "repo": "default",
        "rev": "da67096a3b9bf56a91d16901293e51ba5b49a27e",
        "type": "github"
      },
      "original": {
        "owner": "nix-systems",
        "repo": "default",
        "type": "github"
      }
    },
    "transgui": {
      "flake": false,
      "locked": {
        "lastModified": 1680429104,
        "narHash": "sha256-/PLspkpUpnm3w8f9a6lwNTFbUqSbYtrblRgryMJPWVw=",
        "owner": "transmission-remote-gui",
        "repo": "transgui",
        "rev": "864ee2cc726e336a3091427dad2ee954846a29ad",
        "type": "github"
      },
      "original": {
        "owner": "transmission-remote-gui",
        "repo": "transgui",
        "type": "github"
      }
    },
    "transmission": {
      "flake": false,
      "locked": {
        "lastModified": 1678913900,
        "narHash": "sha256-DaaJnnWEZOl6zLVxgg+U8C5ztv7Iq0wJ9yle0Gxwybc=",
        "ref": "refs/tags/4.0.2",
        "rev": "2a57b17031053999e66c7c094e5d6cd6ec4666aa",
        "revCount": 15402,
        "submodules": true,
        "type": "git",
        "url": "https://github.com/transmission/transmission"
      },
      "original": {
        "ref": "refs/tags/4.0.2",
        "submodules": true,
        "type": "git",
        "url": "https://github.com/transmission/transmission"
      }
    }
  },
  "root": "root",
  "version": 7
}
