{
  "nodes": {
    "dht": {
      "flake": false,
      "locked": {
        "lastModified": 1651172278,
        "narHash": "sha256-m4utcxqE3Mn5L4IQ9UfuJXj2KkXXnqKBGqh7kHHGMJQ=",
        "owner": "transmission",
        "repo": "dht",
        "rev": "015585510e402a057ec17142711ba2b568b5fd62",
        "type": "github"
      },
      "original": {
        "owner": "transmission",
        "ref": "post-0.27-transmission",
        "repo": "dht",
        "type": "github"
      }
    },
    "flake-utils": {
      "inputs": {
        "systems": "systems"
      },
      "locked": {
        "lastModified": 1681037374,
        "narHash": "sha256-XL6X3VGbEFJZDUouv2xpKg2Aljzu/etPLv5e1FPt1q0=",
        "owner": "numtide",
        "repo": "flake-utils",
        "rev": "033b9f258ca96a10e543d4442071f614dc3f8412",
        "type": "github"
      },
      "original": {
        "id": "flake-utils",
        "type": "indirect"
      }
    },
    "idevicerestore": {
      "flake": false,
      "locked": {
        "lastModified": 1666161178,
        "narHash": "sha256-Br0doWmtgU4JCABa1w1Y47i3tDE7QRzxO55QTPcAEt0=",
        "owner": "libimobiledevice",
        "repo": "idevicerestore",
        "rev": "7b89019fbb81ce64e1c1d259c5746544c8e8eeea",
        "type": "github"
      },
      "original": {
        "owner": "libimobiledevice",
        "repo": "idevicerestore",
        "type": "github"
      }
    },
    "keydb": {
      "flake": false,
      "locked": {
        "narHash": "sha256-BjAZstqcbhlsIojTR/7q314YaZ+H1rYm7HKRRXJH8T4=",
        "type": "tarball",
        "url": "https://github.com/anna328p/mirror/releases/latest/download/keydb_eng.zip"
      },
      "original": {
        "type": "tarball",
        "url": "https://github.com/anna328p/mirror/releases/latest/download/keydb_eng.zip"
      }
    },
    "libutp": {
      "flake": false,
      "locked": {
        "lastModified": 1678030974,
        "narHash": "sha256-dpbX1h/gpuVIAXC4hwwuRwQDJ0pwVVEsgemOVN0Dv9Q=",
        "owner": "transmission",
        "repo": "libutp",
        "rev": "9cb9f9c4f0073d78b08d6542cebaea6564ecadfe",
        "type": "github"
      },
      "original": {
        "owner": "transmission",
        "ref": "post-3.4-transmission",
        "repo": "libutp",
        "type": "github"
      }
    },
    "neovim": {
      "inputs": {
        "flake-utils": [
          "flake-utils"
        ],
        "nixpkgs": "nixpkgs"
      },
      "locked": {
        "dir": "contrib",
        "lastModified": 1680988029,
        "narHash": "sha256-jaNC/WsWbodeKD5QA82NnFCZE6DiQZZtaJF2A/yxrAE=",
        "owner": "neovim",
        "repo": "neovim",
        "rev": "339011f59c25937567f1e88d663c22dade5e217a",
        "type": "github"
      },
      "original": {
        "dir": "contrib",
        "owner": "neovim",
        "repo": "neovim",
        "type": "github"
      }
    },
    "nixpkgs": {
      "locked": {
        "lastModified": 1671983799,
        "narHash": "sha256-Z2Ro6hFPZHkBqkVXY5/aBUzxi5xizQGvuHQ9+T5B/ks=",
        "owner": "nixos",
        "repo": "nixpkgs",
        "rev": "fad51abd42ca17a60fc1d4cb9382e2d79ae31836",
        "type": "github"
      },
      "original": {
        "owner": "nixos",
        "ref": "nixos-unstable",
        "repo": "nixpkgs",
        "type": "github"
      }
    },
    "nixpkgs_2": {
      "locked": {
        "lastModified": 1680450296,
        "narHash": "sha256-4SJqREZkmyQufQcudS+j0WqsHeRDE6jyFw6l6QcrMrE=",
        "path": "/nix/store/ayrw6378bwc4lrq25dssn9932ccjsvcl-source",
        "rev": "cd9eead62d1cb6dd692cd87c209e0bc48f733669",
        "type": "path"
      },
      "original": {
        "id": "nixpkgs",
        "type": "indirect"
      }
    },
    "protoplug": {
      "flake": false,
      "locked": {
        "lastModified": 1543821563,
        "narHash": "sha256-ku+1Vh4NfLQpahE9WSVmTthyPLsqR0vvZOgD2wPjTug=",
        "owner": "pac-dev",
        "repo": "protoplug",
        "rev": "6060a3bcb3213ce890a9b781d29f702099127ddd",
        "type": "github"
      },
      "original": {
        "owner": "pac-dev",
        "repo": "protoplug",
        "type": "github"
      }
    },
    "root": {
      "inputs": {
        "dht": "dht",
        "flake-utils": "flake-utils",
        "idevicerestore": "idevicerestore",
        "keydb": "keydb",
        "libutp": "libutp",
        "neovim": "neovim",
        "nixpkgs": "nixpkgs_2",
        "protoplug": "protoplug",
        "transgui": "transgui",
        "transmission": "transmission",
        "usbmuxd": "usbmuxd"
      }
    },
    "systems": {
      "locked": {
        "lastModified": 1681028828,
        "narHash": "sha256-Vy1rq5AaRuLzOxct8nz4T6wlgyUR7zLU309k9mBC768=",
        "owner": "nix-systems",
        "repo": "default",
        "rev": "da67096a3b9bf56a91d16901293e51ba5b49a27e",
        "type": "github"
      },
      "original": {
        "owner": "nix-systems",
        "repo": "default",
        "type": "github"
      }
    },
    "transgui": {
      "flake": false,
      "locked": {
        "lastModified": 1680429104,
        "narHash": "sha256-/PLspkpUpnm3w8f9a6lwNTFbUqSbYtrblRgryMJPWVw=",
        "owner": "transmission-remote-gui",
        "repo": "transgui",
        "rev": "864ee2cc726e336a3091427dad2ee954846a29ad",
        "type": "github"
      },
      "original": {
        "owner": "transmission-remote-gui",
        "repo": "transgui",
        "type": "github"
      }
    },
    "transmission": {
      "flake": false,
      "locked": {
        "lastModified": 1678913900,
        "narHash": "sha256-DaaJnnWEZOl6zLVxgg+U8C5ztv7Iq0wJ9yle0Gxwybc=",
        "ref": "refs/tags/4.0.2",
        "rev": "2a57b17031053999e66c7c094e5d6cd6ec4666aa",
        "revCount": 15402,
        "submodules": true,
        "type": "git",
        "url": "https://github.com/transmission/transmission"
      },
      "original": {
        "ref": "refs/tags/4.0.2",
        "submodules": true,
        "type": "git",
        "url": "https://github.com/transmission/transmission"
      }
    },
    "usbmuxd": {
      "flake": false,
      "locked": {
        "lastModified": 1677661791,
        "narHash": "sha256-DILBwKoFliBl1l2ULIilpJ6CyZzXa+STBzL0t/2+Ff4=",
        "owner": "libimobiledevice",
        "repo": "usbmuxd",
        "rev": "d0cda199059ac9fba386a29827c91a5fed7c9cfc",
        "type": "github"
      },
      "original": {
        "owner": "libimobiledevice",
        "repo": "usbmuxd",
        "type": "github"
      }
    }
  },
  "root": "root",
  "version": 7
}
